<Solution>
  <Project Path="Prism.API/Prism.API.csproj" Id="b1e97c2b-d23b-4b6a-94a1-601ae00e6ab8" />
  <Project Path="Prism.Application/Prism.Application.csproj" Id="4caf7379-c367-40ff-b06a-39e1e6c1f502" />
  <Project Path="Prism.Domain/Prism.Domain.csproj" />
  <Project Path="Prism.Infrastructure/Prism.Infrastructure.csproj" Id="1032ec4a-d4ee-4a0f-9372-16434ffd4a53" />
</Solution>
